{
  "name": "xcx",
  "version": "1.0.0",
  "lockfileVersion": 3,
  "requires": true,
  "packages": {
    "": {
      "name": "xcx",
      "version": "1.0.0",
      "license": "ISC",
      "dependencies": {
        "wux-weapp": "^3.11.3"
      }
    },
    "node_modules/wux-weapp": {
      "version": "3.11.3",
      "resolved": "https://registry.npmmirror.com/wux-weapp/-/wux-weapp-3.11.3.tgz",
      "integrity": "sha512-HmxzvKTNuwaMGw9hii2sY/a1Dk/V6uClAD7Ew6/ZInvAeEXWdj0f+OgzeBRR/Hbpx4ebjIAtn17Ry9WnYsYRZA==",
      "license": "MIT"
    }
  }
}
